
Microsoft Visual Studio Solution File, Format Version 12.00
# Visual Studio 15
VisualStudioVersion = 15.0.28307.1758
MinimumVisualStudioVersion = 10.0.40219.1
Project("{E24C65DC-7377-472B-9ABA-BC803B73C61A}") = "WebSite", "WebSite\", "{F3FE2DB1-E7C3-46D5-96BF-E917AF0F7F1D}"
	ProjectSection(WebsiteProperties) = preProject
		TargetFrameworkMoniker = ".NETFramework,Version%3Dv4.8"
		ProjectReferences = "{51f44380-a8c4-434c-baac-8e81e3d655c9}|ClassDB.dll;"
		Debug.AspNetCompiler.VirtualPath = "/localhost_49578"
		Debug.AspNetCompiler.PhysicalPath = "WebSite\"
		Debug.AspNetCompiler.TargetPath = "PrecompiledWeb\localhost_49578\"
		Debug.AspNetCompiler.Updateable = "true"
		Debug.AspNetCompiler.ForceOverwrite = "true"
		Debug.AspNetCompiler.FixedNames = "false"
		Debug.AspNetCompiler.Debug = "True"
		Release.AspNetCompiler.VirtualPath = "/localhost_49578"
		Release.AspNetCompiler.PhysicalPath = "WebSite\"
		Release.AspNetCompiler.TargetPath = "PrecompiledWeb\localhost_49578\"
		Release.AspNetCompiler.Updateable = "true"
		Release.AspNetCompiler.ForceOverwrite = "true"
		Release.AspNetCompiler.FixedNames = "false"
		Release.AspNetCompiler.Debug = "False"
		VWDPort = "49578"
		SlnRelativePath = "WebSite\"
		DefaultWebSiteLanguage = "Visual C#"
	EndProjectSection
EndProject
Project("{FAE04EC0-301F-11D3-BF4B-00C04F79EFBC}") = "ClassDB", "ClassDB\ClassDB.csproj", "{51F44380-A8C4-434C-BAAC-8E81E3D655C9}"
EndProject
Project("{E24C65DC-7377-472B-9ABA-BC803B73C61A}") = "WebSite2", "WebSite2\", "{918CD372-8545-44B2-B7C3-862786671740}"
	ProjectSection(WebsiteProperties) = preProject
		TargetFrameworkMoniker = ".NETFramework,Version%3Dv4.8"
		Debug.AspNetCompiler.VirtualPath = "/localhost_57326"
		Debug.AspNetCompiler.PhysicalPath = "WebSite2\"
		Debug.AspNetCompiler.TargetPath = "PrecompiledWeb\localhost_57326\"
		Debug.AspNetCompiler.Updateable = "true"
		Debug.AspNetCompiler.ForceOverwrite = "true"
		Debug.AspNetCompiler.FixedNames = "false"
		Debug.AspNetCompiler.Debug = "True"
		Release.AspNetCompiler.VirtualPath = "/localhost_57326"
		Release.AspNetCompiler.PhysicalPath = "WebSite2\"
		Release.AspNetCompiler.TargetPath = "PrecompiledWeb\localhost_57326\"
		Release.AspNetCompiler.Updateable = "true"
		Release.AspNetCompiler.ForceOverwrite = "true"
		Release.AspNetCompiler.FixedNames = "false"
		Release.AspNetCompiler.Debug = "False"
		VWDPort = "57326"
		SlnRelativePath = "WebSite2\"
		DefaultWebSiteLanguage = "Visual C#"
	EndProjectSection
EndProject
Global
	GlobalSection(SolutionConfigurationPlatforms) = preSolution
		Debug|Any CPU = Debug|Any CPU
		Release|Any CPU = Release|Any CPU
	EndGlobalSection
	GlobalSection(ProjectConfigurationPlatforms) = postSolution
		{F3FE2DB1-E7C3-46D5-96BF-E917AF0F7F1D}.Debug|Any CPU.ActiveCfg = Debug|Any CPU
		{F3FE2DB1-E7C3-46D5-96BF-E917AF0F7F1D}.Debug|Any CPU.Build.0 = Debug|Any CPU
		{F3FE2DB1-E7C3-46D5-96BF-E917AF0F7F1D}.Release|Any CPU.ActiveCfg = Debug|Any CPU
		{F3FE2DB1-E7C3-46D5-96BF-E917AF0F7F1D}.Release|Any CPU.Build.0 = Debug|Any CPU
		{51F44380-A8C4-434C-BAAC-8E81E3D655C9}.Debug|Any CPU.ActiveCfg = Debug|Any CPU
		{51F44380-A8C4-434C-BAAC-8E81E3D655C9}.Debug|Any CPU.Build.0 = Debug|Any CPU
		{51F44380-A8C4-434C-BAAC-8E81E3D655C9}.Release|Any CPU.ActiveCfg = Release|Any CPU
		{51F44380-A8C4-434C-BAAC-8E81E3D655C9}.Release|Any CPU.Build.0 = Release|Any CPU
		{918CD372-8545-44B2-B7C3-862786671740}.Debug|Any CPU.ActiveCfg = Debug|Any CPU
		{918CD372-8545-44B2-B7C3-862786671740}.Debug|Any CPU.Build.0 = Debug|Any CPU
		{918CD372-8545-44B2-B7C3-862786671740}.Release|Any CPU.ActiveCfg = Debug|Any CPU
		{918CD372-8545-44B2-B7C3-862786671740}.Release|Any CPU.Build.0 = Debug|Any CPU
	EndGlobalSection
	GlobalSection(SolutionProperties) = preSolution
		HideSolutionNode = FALSE
	EndGlobalSection
	GlobalSection(ExtensibilityGlobals) = postSolution
		SolutionGuid = {59CDF20B-1791-4C5E-8162-51555407F85B}
	EndGlobalSection
EndGlobal
